{
    "version": 3,
    "terraform_version": "0.11.11",
    "serial": 17,
    "lineage": "3fc3ea1c-75e5-124a-43ae-3da7cc7f546f",
    "modules": [
        {
            "path": [
                "root"
            ],
            "outputs": {
                "arn database": {
                    "sensitive": false,
                    "type": "string",
                    "value": "my-docdb-cluster.cluster-cbeb8phdmaje.us-east-1.docdb.amazonaws.com"
                }
            },
            "resources": {
                "aws_docdb_cluster.docdb-dev-mcp": {
                    "type": "aws_docdb_cluster",
                    "depends_on": [
                        "aws_docdb_cluster_parameter_group.docdb-pg-dev-mcp",
                        "aws_docdb_subnet_group.docdb-sg-dev-mcp",
                        "aws_security_group.db-sg-dev-mcp"
                    ],
                    "primary": {
                        "id": "my-docdb-cluster",
                        "attributes": {
                            "apply_immediately": "true",
                            "arn": "arn:aws:rds:us-east-1:445458835910:cluster:my-docdb-cluster",
                            "availability_zones.#": "3",
                            "availability_zones.1305112097": "us-east-1b",
                            "availability_zones.3551460226": "us-east-1e",
                            "availability_zones.3569565595": "us-east-1a",
                            "backup_retention_period": "5",
                            "cluster_identifier": "my-docdb-cluster",
                            "cluster_members.#": "0",
                            "cluster_resource_id": "cluster-XGEXOCFGKKHGJ6OQT3ANGTBTWI",
                            "db_cluster_parameter_group_name": "docdb-pg-dev-mcp",
                            "db_subnet_group_name": "docdb-sg-dev-mcp",
                            "enabled_cloudwatch_logs_exports.#": "0",
                            "endpoint": "my-docdb-cluster.cluster-cbeb8phdmaje.us-east-1.docdb.amazonaws.com",
                            "engine": "docdb",
                            "engine_version": "3.6.0",
                            "hosted_zone_id": "ZNKXH85TT8WVW",
                            "id": "my-docdb-cluster",
                            "kms_key_id": "",
                            "master_password": "passworddocdb",
                            "master_username": "admindocdb",
                            "port": "27017",
                            "preferred_backup_window": "05:00-06:00",
                            "preferred_maintenance_window": "thu:08:14-thu:08:44",
                            "reader_endpoint": "my-docdb-cluster.cluster-ro-cbeb8phdmaje.us-east-1.docdb.amazonaws.com",
                            "skip_final_snapshot": "true",
                            "storage_encrypted": "false",
                            "tags.%": "2",
                            "tags.Env": "dev",
                            "tags.Name": "docdb-dev-mcp",
                            "vpc_security_group_ids.#": "1",
                            "vpc_security_group_ids.798129092": "sg-0453eec7a55ab8e32"
                        },
                        "meta": {
                            "e2bfb730-ecaa-11e6-8f88-34363bc7c4c0": {
                                "create": 7200000000000,
                                "delete": 7200000000000,
                                "update": 7200000000000
                            }
                        },
                        "tainted": false
                    },
                    "deposed": [],
                    "provider": "provider.aws"
                },
                "aws_docdb_cluster_instance.docdb-cluster-dev-mcp": {
                    "type": "aws_docdb_cluster_instance",
                    "depends_on": [
                        "aws_docdb_cluster.docdb-dev-mcp"
                    ],
                    "primary": {
                        "id": "my-docdb-cluster-0",
                        "attributes": {
                            "apply_immediately": "true",
                            "arn": "arn:aws:rds:us-east-1:445458835910:db:my-docdb-cluster-0",
                            "auto_minor_version_upgrade": "true",
                            "availability_zone": "us-east-1a",
                            "cluster_identifier": "my-docdb-cluster",
                            "db_subnet_group_name": "docdb-sg-dev-mcp",
                            "dbi_resource_id": "db-LZBYMEAY2MILZX5HZNQEGZIS3M",
                            "endpoint": "my-docdb-cluster-0.cbeb8phdmaje.us-east-1.docdb.amazonaws.com",
                            "engine": "docdb",
                            "engine_version": "3.6.0",
                            "id": "my-docdb-cluster-0",
                            "identifier": "my-docdb-cluster-0",
                            "instance_class": "db.r4.large",
                            "kms_key_id": "",
                            "port": "27017",
                            "preferred_backup_window": "05:00-06:00",
                            "preferred_maintenance_window": "sat:07:07-sat:07:37",
                            "promotion_tier": "0",
                            "publicly_accessible": "false",
                            "storage_encrypted": "false",
                            "tags.%": "2",
                            "tags.Env": "dev",
                            "tags.Name": "docdb-cluster-dev-mcp",
                            "writer": "true"
                        },
                        "meta": {
                            "e2bfb730-ecaa-11e6-8f88-34363bc7c4c0": {
                                "create": 5400000000000,
                                "delete": 5400000000000,
                                "update": 5400000000000
                            }
                        },
                        "tainted": false
                    },
                    "deposed": [],
                    "provider": "provider.aws"
                },
                "aws_docdb_cluster_parameter_group.docdb-pg-dev-mcp": {
                    "type": "aws_docdb_cluster_parameter_group",
                    "depends_on": [],
                    "primary": {
                        "id": "docdb-pg-dev-mcp",
                        "attributes": {
                            "arn": "arn:aws:rds:us-east-1:445458835910:cluster-pg:docdb-pg-dev-mcp",
                            "description": "docdb cluster parameter group",
                            "family": "docdb3.6",
                            "id": "docdb-pg-dev-mcp",
                            "name": "docdb-pg-dev-mcp",
                            "parameter.#": "0",
                            "tags.%": "2",
                            "tags.Env": "dev",
                            "tags.Name": "docdb-pg-dev-mcp"
                        },
                        "meta": {},
                        "tainted": false
                    },
                    "deposed": [],
                    "provider": "provider.aws"
                },
                "aws_docdb_subnet_group.docdb-sg-dev-mcp": {
                    "type": "aws_docdb_subnet_group",
                    "depends_on": [
                        "aws_subnet.public_subnet-dev-mcp",
                        "aws_subnet.public_subnet2-dev-mcp"
                    ],
                    "primary": {
                        "id": "docdb-sg-dev-mcp",
                        "attributes": {
                            "arn": "arn:aws:rds:us-east-1:445458835910:subgrp:docdb-sg-dev-mcp",
                            "description": "docdb cluster subnet group",
                            "id": "docdb-sg-dev-mcp",
                            "name": "docdb-sg-dev-mcp",
                            "subnet_ids.#": "2",
                            "subnet_ids.3173107754": "subnet-00dc39748e4a484b3",
                            "subnet_ids.893688245": "subnet-0df9136ac798043ea",
                            "tags.%": "2",
                            "tags.Env": "dev",
                            "tags.Name": "docdb-sg-dev-mcp"
                        },
                        "meta": {},
                        "tainted": false
                    },
                    "deposed": [],
                    "provider": "provider.aws"
                },
                "aws_eip.ip-dev-mcp": {
                    "type": "aws_eip",
                    "depends_on": [
                        "aws_instance.dev-mcp"
                    ],
                    "primary": {
                        "id": "eipalloc-071ab404a3e5752ad",
                        "attributes": {
                            "association_id": "eipassoc-0698e0c5993a6b8ca",
                            "domain": "vpc",
                            "id": "eipalloc-071ab404a3e5752ad",
                            "instance": "i-0825f70fcce870d52",
                            "network_interface": "eni-0e0e9462fa40c7c48",
                            "private_dns": "ip-10-0-0-81.ec2.internal",
                            "private_ip": "10.0.0.81",
                            "public_dns": "ec2-34-225-235-194.compute-1.amazonaws.com",
                            "public_ip": "34.225.235.194",
                            "public_ipv4_pool": "amazon",
                            "tags.%": "2",
                            "tags.Env": "dev",
                            "tags.Name": "ip-dev-mcp",
                            "vpc": "true"
                        },
                        "meta": {
                            "e2bfb730-ecaa-11e6-8f88-34363bc7c4c0": {
                                "delete": 180000000000,
                                "read": 900000000000,
                                "update": 300000000000
                            }
                        },
                        "tainted": false
                    },
                    "deposed": [],
                    "provider": "provider.aws"
                },
                "aws_iam_instance_profile.app_profile": {
                    "type": "aws_iam_instance_profile",
                    "depends_on": [
                        "aws_iam_role.app-dev-role"
                    ],
                    "primary": {
                        "id": "app_profile",
                        "attributes": {
                            "arn": "arn:aws:iam::445458835910:instance-profile/app_profile",
                            "create_date": "2019-04-22T22:56:52Z",
                            "id": "app_profile",
                            "name": "app_profile",
                            "path": "/",
                            "role": "app-dev-role",
                            "roles.#": "0",
                            "unique_id": "AIPAWPN3KNHDBLDU4XT6W"
                        },
                        "meta": {},
                        "tainted": false
                    },
                    "deposed": [],
                    "provider": "provider.aws"
                },
                "aws_iam_role.app-dev-role": {
                    "type": "aws_iam_role",
                    "depends_on": [],
                    "primary": {
                        "id": "app-dev-role",
                        "attributes": {
                            "arn": "arn:aws:iam::445458835910:role/app-dev-role",
                            "assume_role_policy": "{\"Version\":\"2012-10-17\",\"Statement\":[{\"Sid\":\"\",\"Effect\":\"Allow\",\"Principal\":{\"Service\":\"ec2.amazonaws.com\"},\"Action\":\"sts:AssumeRole\"}]}",
                            "create_date": "2019-04-22T22:56:51Z",
                            "description": "",
                            "force_detach_policies": "false",
                            "id": "app-dev-role",
                            "max_session_duration": "3600",
                            "name": "app-dev-role",
                            "path": "/",
                            "tags.%": "2",
                            "tags.Env": "dev",
                            "tags.Name": "app-dev-role",
                            "unique_id": "AROAWPN3KNHDHRTC3A4BT"
                        },
                        "meta": {},
                        "tainted": false
                    },
                    "deposed": [],
                    "provider": "provider.aws"
                },
                "aws_iam_role_policy.app-dev-role_policy": {
                    "type": "aws_iam_role_policy",
                    "depends_on": [
                        "aws_iam_role.app-dev-role"
                    ],
                    "primary": {
                        "id": "app-dev-role:app-dev-role_policy",
                        "attributes": {
                            "id": "app-dev-role:app-dev-role_policy",
                            "name": "app-dev-role_policy",
                            "policy": "{\n  \"Version\": \"2012-10-17\",\n  \"Statement\": [\n    {\n      \"Effect\": \"Allow\",\n      \"Action\": [\n        \"codecommit:BatchGet*\",\n        \"codecommit:Get*\",\n        \"codecommit:Describe*\",\n        \"codecommit:List*\",\n        \"codecommit:GitPull\"\n      ],\n      \"Resource\": \"*\"\n    },\n    {\n      \"Sid\": \"CloudWatchEventsCodeCommitRulesReadOnlyAccess\",\n      \"Effect\": \"Allow\",\n      \"Action\": [\n        \"events:DescribeRule\",\n        \"events:ListTargetsByRule\"\n      ],\n      \"Resource\": \"arn:aws:events:*:*:rule/codecommit*\"\n    },\n    {\n      \"Sid\": \"SNSSubscriptionAccess\",\n      \"Effect\": \"Allow\",\n      \"Action\": [\n        \"sns:ListTopics\",\n        \"sns:ListSubscriptionsByTopic\",\n        \"sns:GetTopicAttributes\"\n      ],\n      \"Resource\": \"*\"\n    },\n    {\n      \"Sid\": \"LambdaReadOnlyListAccess\",\n      \"Effect\": \"Allow\",\n      \"Action\": [\n        \"lambda:ListFunctions\"\n      ],\n      \"Resource\": \"*\"\n    },\n    {\n      \"Sid\": \"IAMReadOnlyListAccess\",\n      \"Effect\": \"Allow\",\n      \"Action\": [\n        \"iam:ListUsers\"\n      ],\n      \"Resource\": \"*\"\n    }\n  ]\n}\n",
                            "role": "app-dev-role"
                        },
                        "meta": {},
                        "tainted": false
                    },
                    "deposed": [],
                    "provider": "provider.aws"
                },
                "aws_instance.dev-mcp": {
                    "type": "aws_instance",
                    "depends_on": [
                        "aws_docdb_cluster.docdb-dev-mcp",
                        "aws_docdb_cluster_instance.docdb-cluster-dev-mcp",
                        "aws_iam_instance_profile.app_profile",
                        "aws_security_group.app-sg-dev-mcp",
                        "aws_subnet.public_subnet-dev-mcp"
                    ],
                    "primary": {
                        "id": "i-0825f70fcce870d52",
                        "attributes": {
                            "ami": "ami-02da3a138888ced85",
                            "arn": "arn:aws:ec2:us-east-1:445458835910:instance/i-0825f70fcce870d52",
                            "associate_public_ip_address": "true",
                            "availability_zone": "us-east-1a",
                            "cpu_core_count": "1",
                            "cpu_threads_per_core": "1",
                            "credit_specification.#": "1",
                            "credit_specification.0.cpu_credits": "standard",
                            "disable_api_termination": "false",
                            "ebs_block_device.#": "0",
                            "ebs_optimized": "false",
                            "ephemeral_block_device.#": "0",
                            "get_password_data": "false",
                            "iam_instance_profile": "app_profile",
                            "id": "i-0825f70fcce870d52",
                            "instance_state": "running",
                            "instance_type": "t2.micro",
                            "ipv6_address_count": "0",
                            "ipv6_addresses.#": "0",
                            "key_name": "amazonvm",
                            "monitoring": "false",
                            "network_interface.#": "0",
                            "password_data": "",
                            "placement_group": "",
                            "primary_network_interface_id": "eni-0e0e9462fa40c7c48",
                            "private_dns": "ip-10-0-0-81.ec2.internal",
                            "private_ip": "10.0.0.81",
                            "public_dns": "ec2-18-207-98-185.compute-1.amazonaws.com",
                            "public_ip": "18.207.98.185",
                            "root_block_device.#": "1",
                            "root_block_device.0.delete_on_termination": "true",
                            "root_block_device.0.iops": "100",
                            "root_block_device.0.volume_id": "vol-01c49594aed868e88",
                            "root_block_device.0.volume_size": "8",
                            "root_block_device.0.volume_type": "gp2",
                            "security_groups.#": "0",
                            "source_dest_check": "true",
                            "subnet_id": "subnet-0df9136ac798043ea",
                            "tags.%": "2",
                            "tags.Env": "dev",
                            "tags.Name": "dev-mcp",
                            "tenancy": "default",
                            "user_data": "3759974aed92a52eba0d48e95ebc6435a6c985a4",
                            "volume_tags.%": "0",
                            "vpc_security_group_ids.#": "1",
                            "vpc_security_group_ids.849799059": "sg-0839fa2be72b0f7ca"
                        },
                        "meta": {
                            "e2bfb730-ecaa-11e6-8f88-34363bc7c4c0": {
                                "create": 600000000000,
                                "delete": 1200000000000,
                                "update": 600000000000
                            },
                            "schema_version": "1"
                        },
                        "tainted": false
                    },
                    "deposed": [],
                    "provider": "provider.aws"
                },
                "aws_internet_gateway.igw-dev-mcp": {
                    "type": "aws_internet_gateway",
                    "depends_on": [
                        "aws_vpc.vpc-dev-mcp"
                    ],
                    "primary": {
                        "id": "igw-074600dea3cd5ddda",
                        "attributes": {
                            "id": "igw-074600dea3cd5ddda",
                            "owner_id": "445458835910",
                            "tags.%": "2",
                            "tags.Env": "dev",
                            "tags.Name": "igw-dev-mcp",
                            "vpc_id": "vpc-00e0fbf1deec6b802"
                        },
                        "meta": {},
                        "tainted": false
                    },
                    "deposed": [],
                    "provider": "provider.aws"
                },
                "aws_route_table.public-rt-dev-mcp": {
                    "type": "aws_route_table",
                    "depends_on": [
                        "aws_internet_gateway.igw-dev-mcp",
                        "aws_vpc.vpc-dev-mcp"
                    ],
                    "primary": {
                        "id": "rtb-00ecc8ddf21687c7f",
                        "attributes": {
                            "id": "rtb-00ecc8ddf21687c7f",
                            "owner_id": "445458835910",
                            "propagating_vgws.#": "0",
                            "route.#": "1",
                            "route.1990801345.cidr_block": "0.0.0.0/0",
                            "route.1990801345.egress_only_gateway_id": "",
                            "route.1990801345.gateway_id": "igw-074600dea3cd5ddda",
                            "route.1990801345.instance_id": "",
                            "route.1990801345.ipv6_cidr_block": "",
                            "route.1990801345.nat_gateway_id": "",
                            "route.1990801345.network_interface_id": "",
                            "route.1990801345.transit_gateway_id": "",
                            "route.1990801345.vpc_peering_connection_id": "",
                            "tags.%": "2",
                            "tags.Env": "dev",
                            "tags.Name": "public-rt-dev-mcp",
                            "vpc_id": "vpc-00e0fbf1deec6b802"
                        },
                        "meta": {},
                        "tainted": false
                    },
                    "deposed": [],
                    "provider": "provider.aws"
                },
                "aws_route_table_association.public-rta": {
                    "type": "aws_route_table_association",
                    "depends_on": [
                        "aws_route_table.public-rt-dev-mcp",
                        "aws_subnet.public_subnet-dev-mcp"
                    ],
                    "primary": {
                        "id": "rtbassoc-0ab8d17196eec9fad",
                        "attributes": {
                            "id": "rtbassoc-0ab8d17196eec9fad",
                            "route_table_id": "rtb-00ecc8ddf21687c7f",
                            "subnet_id": "subnet-0df9136ac798043ea"
                        },
                        "meta": {},
                        "tainted": false
                    },
                    "deposed": [],
                    "provider": "provider.aws"
                },
                "aws_route_table_association.public-rta2": {
                    "type": "aws_route_table_association",
                    "depends_on": [
                        "aws_route_table.public-rt-dev-mcp",
                        "aws_subnet.public_subnet2-dev-mcp"
                    ],
                    "primary": {
                        "id": "rtbassoc-0401e79fccebcd956",
                        "attributes": {
                            "id": "rtbassoc-0401e79fccebcd956",
                            "route_table_id": "rtb-00ecc8ddf21687c7f",
                            "subnet_id": "subnet-00dc39748e4a484b3"
                        },
                        "meta": {},
                        "tainted": false
                    },
                    "deposed": [],
                    "provider": "provider.aws"
                },
                "aws_security_group.app-sg-dev-mcp": {
                    "type": "aws_security_group",
                    "depends_on": [
                        "aws_vpc.vpc-dev-mcp"
                    ],
                    "primary": {
                        "id": "sg-0839fa2be72b0f7ca",
                        "attributes": {
                            "arn": "arn:aws:ec2:us-east-1:445458835910:security-group/sg-0839fa2be72b0f7ca",
                            "description": "Secure connection SSH for instances",
                            "egress.#": "1",
                            "egress.482069346.cidr_blocks.#": "1",
                            "egress.482069346.cidr_blocks.0": "0.0.0.0/0",
                            "egress.482069346.description": "",
                            "egress.482069346.from_port": "0",
                            "egress.482069346.ipv6_cidr_blocks.#": "0",
                            "egress.482069346.prefix_list_ids.#": "0",
                            "egress.482069346.protocol": "-1",
                            "egress.482069346.security_groups.#": "0",
                            "egress.482069346.self": "false",
                            "egress.482069346.to_port": "0",
                            "id": "sg-0839fa2be72b0f7ca",
                            "ingress.#": "2",
                            "ingress.2242609002.cidr_blocks.#": "1",
                            "ingress.2242609002.cidr_blocks.0": "0.0.0.0/0",
                            "ingress.2242609002.description": "",
                            "ingress.2242609002.from_port": "3002",
                            "ingress.2242609002.ipv6_cidr_blocks.#": "0",
                            "ingress.2242609002.prefix_list_ids.#": "0",
                            "ingress.2242609002.protocol": "tcp",
                            "ingress.2242609002.security_groups.#": "0",
                            "ingress.2242609002.self": "false",
                            "ingress.2242609002.to_port": "3002",
                            "ingress.2541437006.cidr_blocks.#": "1",
                            "ingress.2541437006.cidr_blocks.0": "0.0.0.0/0",
                            "ingress.2541437006.description": "",
                            "ingress.2541437006.from_port": "22",
                            "ingress.2541437006.ipv6_cidr_blocks.#": "0",
                            "ingress.2541437006.prefix_list_ids.#": "0",
                            "ingress.2541437006.protocol": "tcp",
                            "ingress.2541437006.security_groups.#": "0",
                            "ingress.2541437006.self": "false",
                            "ingress.2541437006.to_port": "22",
                            "name": "app-sg-dev-mcp",
                            "owner_id": "445458835910",
                            "revoke_rules_on_delete": "false",
                            "tags.%": "2",
                            "tags.Env": "dev",
                            "tags.Name": "app-sg-dev-mcp",
                            "vpc_id": "vpc-00e0fbf1deec6b802"
                        },
                        "meta": {
                            "e2bfb730-ecaa-11e6-8f88-34363bc7c4c0": {
                                "create": 600000000000,
                                "delete": 600000000000
                            },
                            "schema_version": "1"
                        },
                        "tainted": false
                    },
                    "deposed": [],
                    "provider": "provider.aws"
                },
                "aws_security_group.db-sg-dev-mcp": {
                    "type": "aws_security_group",
                    "depends_on": [
                        "aws_security_group.app-sg-dev-mcp",
                        "aws_vpc.vpc-dev-mcp"
                    ],
                    "primary": {
                        "id": "sg-0453eec7a55ab8e32",
                        "attributes": {
                            "arn": "arn:aws:ec2:us-east-1:445458835910:security-group/sg-0453eec7a55ab8e32",
                            "description": "Secure connection database for instances",
                            "egress.#": "1",
                            "egress.482069346.cidr_blocks.#": "1",
                            "egress.482069346.cidr_blocks.0": "0.0.0.0/0",
                            "egress.482069346.description": "",
                            "egress.482069346.from_port": "0",
                            "egress.482069346.ipv6_cidr_blocks.#": "0",
                            "egress.482069346.prefix_list_ids.#": "0",
                            "egress.482069346.protocol": "-1",
                            "egress.482069346.security_groups.#": "0",
                            "egress.482069346.self": "false",
                            "egress.482069346.to_port": "0",
                            "id": "sg-0453eec7a55ab8e32",
                            "ingress.#": "1",
                            "ingress.2724484010.cidr_blocks.#": "0",
                            "ingress.2724484010.description": "",
                            "ingress.2724484010.from_port": "27017",
                            "ingress.2724484010.ipv6_cidr_blocks.#": "0",
                            "ingress.2724484010.prefix_list_ids.#": "0",
                            "ingress.2724484010.protocol": "tcp",
                            "ingress.2724484010.security_groups.#": "1",
                            "ingress.2724484010.security_groups.849799059": "sg-0839fa2be72b0f7ca",
                            "ingress.2724484010.self": "false",
                            "ingress.2724484010.to_port": "27017",
                            "name": "db-sg-dev-mcp",
                            "owner_id": "445458835910",
                            "revoke_rules_on_delete": "false",
                            "tags.%": "2",
                            "tags.Env": "dev",
                            "tags.Name": "db-sg-dev-mcp",
                            "vpc_id": "vpc-00e0fbf1deec6b802"
                        },
                        "meta": {
                            "e2bfb730-ecaa-11e6-8f88-34363bc7c4c0": {
                                "create": 600000000000,
                                "delete": 600000000000
                            },
                            "schema_version": "1"
                        },
                        "tainted": false
                    },
                    "deposed": [],
                    "provider": "provider.aws"
                },
                "aws_subnet.public_subnet-dev-mcp": {
                    "type": "aws_subnet",
                    "depends_on": [
                        "aws_vpc.vpc-dev-mcp"
                    ],
                    "primary": {
                        "id": "subnet-0df9136ac798043ea",
                        "attributes": {
                            "arn": "arn:aws:ec2:us-east-1:445458835910:subnet/subnet-0df9136ac798043ea",
                            "assign_ipv6_address_on_creation": "false",
                            "availability_zone": "us-east-1a",
                            "availability_zone_id": "use1-az1",
                            "cidr_block": "10.0.0.0/24",
                            "id": "subnet-0df9136ac798043ea",
                            "ipv6_cidr_block": "",
                            "ipv6_cidr_block_association_id": "",
                            "map_public_ip_on_launch": "true",
                            "owner_id": "445458835910",
                            "tags.%": "2",
                            "tags.Env": "dev",
                            "tags.Name": "public_subnet-dev-mcp",
                            "vpc_id": "vpc-00e0fbf1deec6b802"
                        },
                        "meta": {
                            "e2bfb730-ecaa-11e6-8f88-34363bc7c4c0": {
                                "create": 600000000000,
                                "delete": 600000000000
                            },
                            "schema_version": "1"
                        },
                        "tainted": false
                    },
                    "deposed": [],
                    "provider": "provider.aws"
                },
                "aws_subnet.public_subnet2-dev-mcp": {
                    "type": "aws_subnet",
                    "depends_on": [
                        "aws_vpc.vpc-dev-mcp"
                    ],
                    "primary": {
                        "id": "subnet-00dc39748e4a484b3",
                        "attributes": {
                            "arn": "arn:aws:ec2:us-east-1:445458835910:subnet/subnet-00dc39748e4a484b3",
                            "assign_ipv6_address_on_creation": "false",
                            "availability_zone": "us-east-1b",
                            "availability_zone_id": "use1-az2",
                            "cidr_block": "10.0.1.0/24",
                            "id": "subnet-00dc39748e4a484b3",
                            "ipv6_cidr_block": "",
                            "ipv6_cidr_block_association_id": "",
                            "map_public_ip_on_launch": "true",
                            "owner_id": "445458835910",
                            "tags.%": "2",
                            "tags.Env": "dev",
                            "tags.Name": "public_subnet2-dev-mcp",
                            "vpc_id": "vpc-00e0fbf1deec6b802"
                        },
                        "meta": {
                            "e2bfb730-ecaa-11e6-8f88-34363bc7c4c0": {
                                "create": 600000000000,
                                "delete": 600000000000
                            },
                            "schema_version": "1"
                        },
                        "tainted": false
                    },
                    "deposed": [],
                    "provider": "provider.aws"
                },
                "aws_vpc.vpc-dev-mcp": {
                    "type": "aws_vpc",
                    "depends_on": [],
                    "primary": {
                        "id": "vpc-00e0fbf1deec6b802",
                        "attributes": {
                            "arn": "arn:aws:ec2:us-east-1:445458835910:vpc/vpc-00e0fbf1deec6b802",
                            "assign_generated_ipv6_cidr_block": "false",
                            "cidr_block": "10.0.0.0/16",
                            "default_network_acl_id": "acl-0add760d533b79491",
                            "default_route_table_id": "rtb-05b12d6d4e47af059",
                            "default_security_group_id": "sg-05215ea48fa4d15e5",
                            "dhcp_options_id": "dopt-2aceb351",
                            "enable_classiclink": "false",
                            "enable_classiclink_dns_support": "false",
                            "enable_dns_hostnames": "true",
                            "enable_dns_support": "true",
                            "id": "vpc-00e0fbf1deec6b802",
                            "instance_tenancy": "default",
                            "ipv6_association_id": "",
                            "ipv6_cidr_block": "",
                            "main_route_table_id": "rtb-05b12d6d4e47af059",
                            "owner_id": "445458835910",
                            "tags.%": "2",
                            "tags.Env": "dev",
                            "tags.Name": "vpc-dev-mcp"
                        },
                        "meta": {
                            "schema_version": "1"
                        },
                        "tainted": false
                    },
                    "deposed": [],
                    "provider": "provider.aws"
                }
            },
            "depends_on": []
        }
    ]
}
